// !$*UTF8*$!
{
	archiveVersion = 1;
	classes = {
	};
	objectVersion = 50;
	objects = {

/* Begin PBXBuildFile section */
		1F41AA2C20E0E23D0028AD75 /* AppDelegate.m in Sources */ = {isa = PBXBuildFile; fileRef = 1F41AA2B20E0E23D0028AD75 /* AppDelegate.m */; };
		1F41AA2F20E0E23D0028AD75 /* ViewController.m in Sources */ = {isa = PBXBuildFile; fileRef = 1F41AA2E20E0E23D0028AD75 /* ViewController.m */; };
		1F41AA3220E0E23D0028AD75 /* Main.storyboard in Resources */ = {isa = PBXBuildFile; fileRef = 1F41AA3020E0E23D0028AD75 /* Main.storyboard */; };
		1F41AA3420E0E2400028AD75 /* Assets.xcassets in Resources */ = {isa = PBXBuildFile; fileRef = 1F41AA3320E0E2400028AD75 /* Assets.xcassets */; };
		1F41AA3720E0E2400028AD75 /* LaunchScreen.storyboard in Resources */ = {isa = PBXBuildFile; fileRef = 1F41AA3520E0E2400028AD75 /* LaunchScreen.storyboard */; };
		1F41AA3A20E0E2400028AD75 /* main.m in Sources */ = {isa = PBXBuildFile; fileRef = 1F41AA3920E0E2400028AD75 /* main.m */; };
		1F41AB8D20E4C85E0028AD75 /* MJRefresh.bundle in Resources */ = {isa = PBXBuildFile; fileRef = 1F41AB6320E4C85E0028AD75 /* MJRefresh.bundle */; };
		1F41AB8E20E4C85E0028AD75 /* MJRefreshBaseView.m in Sources */ = {isa = PBXBuildFile; fileRef = 1F41AB6620E4C85E0028AD75 /* MJRefreshBaseView.m */; };
		1F41AB8F20E4C85E0028AD75 /* MJRefreshConst.m in Sources */ = {isa = PBXBuildFile; fileRef = 1F41AB6820E4C85E0028AD75 /* MJRefreshConst.m */; };
		1F41AB9020E4C85E0028AD75 /* MJRefreshFooterView.m in Sources */ = {isa = PBXBuildFile; fileRef = 1F41AB6A20E4C85E0028AD75 /* MJRefreshFooterView.m */; };
		1F41AB9120E4C85E0028AD75 /* MJRefreshHeaderView.m in Sources */ = {isa = PBXBuildFile; fileRef = 1F41AB6C20E4C85E0028AD75 /* MJRefreshHeaderView.m */; };
		1F41AB9220E4C85E0028AD75 /* UIScrollView+MJExtension.m in Sources */ = {isa = PBXBuildFile; fileRef = 1F41AB6E20E4C85E0028AD75 /* UIScrollView+MJExtension.m */; };
		1F41AB9320E4C85E0028AD75 /* UIScrollView+MJRefresh.m in Sources */ = {isa = PBXBuildFile; fileRef = 1F41AB7020E4C85E0028AD75 /* UIScrollView+MJRefresh.m */; };
		1F41AB9420E4C85E0028AD75 /* UIView+MJExtension.m in Sources */ = {isa = PBXBuildFile; fileRef = 1F41AB7220E4C85E0028AD75 /* UIView+MJExtension.m */; };
		1F41AB9520E4C85E0028AD75 /* MASCompositeConstraint.m in Sources */ = {isa = PBXBuildFile; fileRef = 1F41AB7520E4C85E0028AD75 /* MASCompositeConstraint.m */; };
		1F41AB9620E4C85E0028AD75 /* MASConstraint.m in Sources */ = {isa = PBXBuildFile; fileRef = 1F41AB7820E4C85E0028AD75 /* MASConstraint.m */; };
		1F41AB9720E4C85E0028AD75 /* MASConstraintMaker.m in Sources */ = {isa = PBXBuildFile; fileRef = 1F41AB7A20E4C85E0028AD75 /* MASConstraintMaker.m */; };
		1F41AB9820E4C85E0028AD75 /* MASLayoutConstraint.m in Sources */ = {isa = PBXBuildFile; fileRef = 1F41AB7C20E4C85E0028AD75 /* MASLayoutConstraint.m */; };
		1F41AB9920E4C85E0028AD75 /* MASViewAttribute.m in Sources */ = {isa = PBXBuildFile; fileRef = 1F41AB8020E4C85E0028AD75 /* MASViewAttribute.m */; };
		1F41AB9A20E4C85E0028AD75 /* MASViewConstraint.m in Sources */ = {isa = PBXBuildFile; fileRef = 1F41AB8220E4C85E0028AD75 /* MASViewConstraint.m */; };
		1F41AB9B20E4C85E0028AD75 /* NSArray+MASAdditions.m in Sources */ = {isa = PBXBuildFile; fileRef = 1F41AB8420E4C85E0028AD75 /* NSArray+MASAdditions.m */; };
		1F41AB9C20E4C85E0028AD75 /* NSLayoutConstraint+MASDebugAdditions.m in Sources */ = {isa = PBXBuildFile; fileRef = 1F41AB8720E4C85E0028AD75 /* NSLayoutConstraint+MASDebugAdditions.m */; };
		1F41AB9D20E4C85E0028AD75 /* View+MASAdditions.m in Sources */ = {isa = PBXBuildFile; fileRef = 1F41AB8920E4C85E0028AD75 /* View+MASAdditions.m */; };
		1F41AB9E20E4C85E0028AD75 /* ViewController+MASAdditions.m in Sources */ = {isa = PBXBuildFile; fileRef = 1F41AB8C20E4C85E0028AD75 /* ViewController+MASAdditions.m */; };
		1F41ABA120E4C86C0028AD75 /* LFTableHeaderView.m in Sources */ = {isa = PBXBuildFile; fileRef = 1F41ABA020E4C86C0028AD75 /* LFTableHeaderView.m */; };
		1F41ABA620E4C8DC0028AD75 /* CPDHeadCollectionView.m in Sources */ = {isa = PBXBuildFile; fileRef = 1F41ABA320E4C8DC0028AD75 /* CPDHeadCollectionView.m */; };
		1F41ABA720E4C8DC0028AD75 /* CPDHeadCollectionViewCell.m in Sources */ = {isa = PBXBuildFile; fileRef = 1F41ABA420E4C8DC0028AD75 /* CPDHeadCollectionViewCell.m */; };
		1F41ABAA20E4CB760028AD75 /* PTTableViewCell.m in Sources */ = {isa = PBXBuildFile; fileRef = 1F41ABA920E4CB760028AD75 /* PTTableViewCell.m */; };
/* End PBXBuildFile section */

/* Begin PBXFileReference section */
		1F41AA2720E0E23D0028AD75 /* refresh.app */ = {isa = PBXFileReference; explicitFileType = wrapper.application; includeInIndex = 0; path = refresh.app; sourceTree = BUILT_PRODUCTS_DIR; };
		1F41AA2A20E0E23D0028AD75 /* AppDelegate.h */ = {isa = PBXFileReference; lastKnownFileType = sourcecode.c.h; path = AppDelegate.h; sourceTree = "<group>"; };
		1F41AA2B20E0E23D0028AD75 /* AppDelegate.m */ = {isa = PBXFileReference; lastKnownFileType = sourcecode.c.objc; path = AppDelegate.m; sourceTree = "<group>"; };
		1F41AA2D20E0E23D0028AD75 /* ViewController.h */ = {isa = PBXFileReference; lastKnownFileType = sourcecode.c.h; path = ViewController.h; sourceTree = "<group>"; };
		1F41AA2E20E0E23D0028AD75 /* ViewController.m */ = {isa = PBXFileReference; lastKnownFileType = sourcecode.c.objc; path = ViewController.m; sourceTree = "<group>"; };
		1F41AA3120E0E23D0028AD75 /* Base */ = {isa = PBXFileReference; lastKnownFileType = file.storyboard; name = Base; path = Base.lproj/Main.storyboard; sourceTree = "<group>"; };
		1F41AA3320E0E2400028AD75 /* Assets.xcassets */ = {isa = PBXFileReference; lastKnownFileType = folder.assetcatalog; path = Assets.xcassets; sourceTree = "<group>"; };
		1F41AA3620E0E2400028AD75 /* Base */ = {isa = PBXFileReference; lastKnownFileType = file.storyboard; name = Base; path = Base.lproj/LaunchScreen.storyboard; sourceTree = "<group>"; };
		1F41AA3820E0E2400028AD75 /* Info.plist */ = {isa = PBXFileReference; lastKnownFileType = text.plist.xml; path = Info.plist; sourceTree = "<group>"; };
		1F41AA3920E0E2400028AD75 /* main.m */ = {isa = PBXFileReference; lastKnownFileType = sourcecode.c.objc; path = main.m; sourceTree = "<group>"; };
		1F41AB6320E4C85E0028AD75 /* MJRefresh.bundle */ = {isa = PBXFileReference; lastKnownFileType = "wrapper.plug-in"; path = MJRefresh.bundle; sourceTree = "<group>"; };
		1F41AB6420E4C85E0028AD75 /* MJRefresh.h */ = {isa = PBXFileReference; fileEncoding = 4; lastKnownFileType = sourcecode.c.h; path = MJRefresh.h; sourceTree = "<group>"; };
		1F41AB6520E4C85E0028AD75 /* MJRefreshBaseView.h */ = {isa = PBXFileReference; fileEncoding = 4; lastKnownFileType = sourcecode.c.h; path = MJRefreshBaseView.h; sourceTree = "<group>"; };
		1F41AB6620E4C85E0028AD75 /* MJRefreshBaseView.m */ = {isa = PBXFileReference; fileEncoding = 4; lastKnownFileType = sourcecode.c.objc; path = MJRefreshBaseView.m; sourceTree = "<group>"; };
		1F41AB6720E4C85E0028AD75 /* MJRefreshConst.h */ = {isa = PBXFileReference; fileEncoding = 4; lastKnownFileType = sourcecode.c.h; path = MJRefreshConst.h; sourceTree = "<group>"; };
		1F41AB6820E4C85E0028AD75 /* MJRefreshConst.m */ = {isa = PBXFileReference; fileEncoding = 4; lastKnownFileType = sourcecode.c.objc; path = MJRefreshConst.m; sourceTree = "<group>"; };
		1F41AB6920E4C85E0028AD75 /* MJRefreshFooterView.h */ = {isa = PBXFileReference; fileEncoding = 4; lastKnownFileType = sourcecode.c.h; path = MJRefreshFooterView.h; sourceTree = "<group>"; };
		1F41AB6A20E4C85E0028AD75 /* MJRefreshFooterView.m */ = {isa = PBXFileReference; fileEncoding = 4; lastKnownFileType = sourcecode.c.objc; path = MJRefreshFooterView.m; sourceTree = "<group>"; };
		1F41AB6B20E4C85E0028AD75 /* MJRefreshHeaderView.h */ = {isa = PBXFileReference; fileEncoding = 4; lastKnownFileType = sourcecode.c.h; path = MJRefreshHeaderView.h; sourceTree = "<group>"; };
		1F41AB6C20E4C85E0028AD75 /* MJRefreshHeaderView.m */ = {isa = PBXFileReference; fileEncoding = 4; lastKnownFileType = sourcecode.c.objc; path = MJRefreshHeaderView.m; sourceTree = "<group>"; };
		1F41AB6D20E4C85E0028AD75 /* UIScrollView+MJExtension.h */ = {isa = PBXFileReference; fileEncoding = 4; lastKnownFileType = sourcecode.c.h; path = "UIScrollView+MJExtension.h"; sourceTree = "<group>"; };
		1F41AB6E20E4C85E0028AD75 /* UIScrollView+MJExtension.m */ = {isa = PBXFileReference; fileEncoding = 4; lastKnownFileType = sourcecode.c.objc; path = "UIScrollView+MJExtension.m"; sourceTree = "<group>"; };
		1F41AB6F20E4C85E0028AD75 /* UIScrollView+MJRefresh.h */ = {isa = PBXFileReference; fileEncoding = 4; lastKnownFileType = sourcecode.c.h; path = "UIScrollView+MJRefresh.h"; sourceTree = "<group>"; };
		1F41AB7020E4C85E0028AD75 /* UIScrollView+MJRefresh.m */ = {isa = PBXFileReference; fileEncoding = 4; lastKnownFileType = sourcecode.c.objc; path = "UIScrollView+MJRefresh.m"; sourceTree = "<group>"; };
		1F41AB7120E4C85E0028AD75 /* UIView+MJExtension.h */ = {isa = PBXFileReference; fileEncoding = 4; lastKnownFileType = sourcecode.c.h; path = "UIView+MJExtension.h"; sourceTree = "<group>"; };
		1F41AB7220E4C85E0028AD75 /* UIView+MJExtension.m */ = {isa = PBXFileReference; fileEncoding = 4; lastKnownFileType = sourcecode.c.objc; path = "UIView+MJExtension.m"; sourceTree = "<group>"; };
		1F41AB7420E4C85E0028AD75 /* MASCompositeConstraint.h */ = {isa = PBXFileReference; fileEncoding = 4; lastKnownFileType = sourcecode.c.h; path = MASCompositeConstraint.h; sourceTree = "<group>"; };
		1F41AB7520E4C85E0028AD75 /* MASCompositeConstraint.m */ = {isa = PBXFileReference; fileEncoding = 4; lastKnownFileType = sourcecode.c.objc; path = MASCompositeConstraint.m; sourceTree = "<group>"; };
		1F41AB7620E4C85E0028AD75 /* MASConstraint+Private.h */ = {isa = PBXFileReference; fileEncoding = 4; lastKnownFileType = sourcecode.c.h; path = "MASConstraint+Private.h"; sourceTree = "<group>"; };
		1F41AB7720E4C85E0028AD75 /* MASConstraint.h */ = {isa = PBXFileReference; fileEncoding = 4; lastKnownFileType = sourcecode.c.h; path = MASConstraint.h; sourceTree = "<group>"; };
		1F41AB7820E4C85E0028AD75 /* MASConstraint.m */ = {isa = PBXFileReference; fileEncoding = 4; lastKnownFileType = sourcecode.c.objc; path = MASConstraint.m; sourceTree = "<group>"; };
		1F41AB7920E4C85E0028AD75 /* MASConstraintMaker.h */ = {isa = PBXFileReference; fileEncoding = 4; lastKnownFileType = sourcecode.c.h; path = MASConstraintMaker.h; sourceTree = "<group>"; };
		1F41AB7A20E4C85E0028AD75 /* MASConstraintMaker.m */ = {isa = PBXFileReference; fileEncoding = 4; lastKnownFileType = sourcecode.c.objc; path = MASConstraintMaker.m; sourceTree = "<group>"; };
		1F41AB7B20E4C85E0028AD75 /* MASLayoutConstraint.h */ = {isa = PBXFileReference; fileEncoding = 4; lastKnownFileType = sourcecode.c.h; path = MASLayoutConstraint.h; sourceTree = "<group>"; };
		1F41AB7C20E4C85E0028AD75 /* MASLayoutConstraint.m */ = {isa = PBXFileReference; fileEncoding = 4; lastKnownFileType = sourcecode.c.objc; path = MASLayoutConstraint.m; sourceTree = "<group>"; };
		1F41AB7D20E4C85E0028AD75 /* Masonry.h */ = {isa = PBXFileReference; fileEncoding = 4; lastKnownFileType = sourcecode.c.h; path = Masonry.h; sourceTree = "<group>"; };
		1F41AB7E20E4C85E0028AD75 /* MASUtilities.h */ = {isa = PBXFileReference; fileEncoding = 4; lastKnownFileType = sourcecode.c.h; path = MASUtilities.h; sourceTree = "<group>"; };
		1F41AB7F20E4C85E0028AD75 /* MASViewAttribute.h */ = {isa = PBXFileReference; fileEncoding = 4; lastKnownFileType = sourcecode.c.h; path = MASViewAttribute.h; sourceTree = "<group>"; };
		1F41AB8020E4C85E0028AD75 /* MASViewAttribute.m */ = {isa = PBXFileReference; fileEncoding = 4; lastKnownFileType = sourcecode.c.objc; path = MASViewAttribute.m; sourceTree = "<group>"; };
		1F41AB8120E4C85E0028AD75 /* MASViewConstraint.h */ = {isa = PBXFileReference; fileEncoding = 4; lastKnownFileType = sourcecode.c.h; path = MASViewConstraint.h; sourceTree = "<group>"; };
		1F41AB8220E4C85E0028AD75 /* MASViewConstraint.m */ = {isa = PBXFileReference; fileEncoding = 4; lastKnownFileType = sourcecode.c.objc; path = MASViewConstraint.m; sourceTree = "<group>"; };
		1F41AB8320E4C85E0028AD75 /* NSArray+MASAdditions.h */ = {isa = PBXFileReference; fileEncoding = 4; lastKnownFileType = sourcecode.c.h; path = "NSArray+MASAdditions.h"; sourceTree = "<group>"; };
		1F41AB8420E4C85E0028AD75 /* NSArray+MASAdditions.m */ = {isa = PBXFileReference; fileEncoding = 4; lastKnownFileType = sourcecode.c.objc; path = "NSArray+MASAdditions.m"; sourceTree = "<group>"; };
		1F41AB8520E4C85E0028AD75 /* NSArray+MASShorthandAdditions.h */ = {isa = PBXFileReference; fileEncoding = 4; lastKnownFileType = sourcecode.c.h; path = "NSArray+MASShorthandAdditions.h"; sourceTree = "<group>"; };
		1F41AB8620E4C85E0028AD75 /* NSLayoutConstraint+MASDebugAdditions.h */ = {isa = PBXFileReference; fileEncoding = 4; lastKnownFileType = sourcecode.c.h; path = "NSLayoutConstraint+MASDebugAdditions.h"; sourceTree = "<group>"; };
		1F41AB8720E4C85E0028AD75 /* NSLayoutConstraint+MASDebugAdditions.m */ = {isa = PBXFileReference; fileEncoding = 4; lastKnownFileType = sourcecode.c.objc; path = "NSLayoutConstraint+MASDebugAdditions.m"; sourceTree = "<group>"; };
		1F41AB8820E4C85E0028AD75 /* View+MASAdditions.h */ = {isa = PBXFileReference; fileEncoding = 4; lastKnownFileType = sourcecode.c.h; path = "View+MASAdditions.h"; sourceTree = "<group>"; };
		1F41AB8920E4C85E0028AD75 /* View+MASAdditions.m */ = {isa = PBXFileReference; fileEncoding = 4; lastKnownFileType = sourcecode.c.objc; path = "View+MASAdditions.m"; sourceTree = "<group>"; };
		1F41AB8A20E4C85E0028AD75 /* View+MASShorthandAdditions.h */ = {isa = PBXFileReference; fileEncoding = 4; lastKnownFileType = sourcecode.c.h; path = "View+MASShorthandAdditions.h"; sourceTree = "<group>"; };
		1F41AB8B20E4C85E0028AD75 /* ViewController+MASAdditions.h */ = {isa = PBXFileReference; fileEncoding = 4; lastKnownFileType = sourcecode.c.h; path = "ViewController+MASAdditions.h"; sourceTree = "<group>"; };
		1F41AB8C20E4C85E0028AD75 /* ViewController+MASAdditions.m */ = {isa = PBXFileReference; fileEncoding = 4; lastKnownFileType = sourcecode.c.objc; path = "ViewController+MASAdditions.m"; sourceTree = "<group>"; };
		1F41AB9F20E4C86B0028AD75 /* LFTableHeaderView.h */ = {isa = PBXFileReference; fileEncoding = 4; lastKnownFileType = sourcecode.c.h; path = LFTableHeaderView.h; sourceTree = "<group>"; };
		1F41ABA020E4C86C0028AD75 /* LFTableHeaderView.m */ = {isa = PBXFileReference; fileEncoding = 4; lastKnownFileType = sourcecode.c.objc; path = LFTableHeaderView.m; sourceTree = "<group>"; };
		1F41ABA220E4C8DC0028AD75 /* CPDHeadCollectionView.h */ = {isa = PBXFileReference; fileEncoding = 4; lastKnownFileType = sourcecode.c.h; path = CPDHeadCollectionView.h; sourceTree = "<group>"; };
		1F41ABA320E4C8DC0028AD75 /* CPDHeadCollectionView.m */ = {isa = PBXFileReference; fileEncoding = 4; lastKnownFileType = sourcecode.c.objc; path = CPDHeadCollectionView.m; sourceTree = "<group>"; };
		1F41ABA420E4C8DC0028AD75 /* CPDHeadCollectionViewCell.m */ = {isa = PBXFileReference; fileEncoding = 4; lastKnownFileType = sourcecode.c.objc; path = CPDHeadCollectionViewCell.m; sourceTree = "<group>"; };
		1F41ABA520E4C8DC0028AD75 /* CPDHeadCollectionViewCell.h */ = {isa = PBXFileReference; fileEncoding = 4; lastKnownFileType = sourcecode.c.h; path = CPDHeadCollectionViewCell.h; sourceTree = "<group>"; };
		1F41ABA820E4CB750028AD75 /* PTTableViewCell.h */ = {isa = PBXFileReference; fileEncoding = 4; lastKnownFileType = sourcecode.c.h; path = PTTableViewCell.h; sourceTree = "<group>"; };
		1F41ABA920E4CB760028AD75 /* PTTableViewCell.m */ = {isa = PBXFileReference; fileEncoding = 4; lastKnownFileType = sourcecode.c.objc; path = PTTableViewCell.m; sourceTree = "<group>"; };
		1F41ABAB20E4CCD80028AD75 /* PrefixHeader.pch */ = {isa = PBXFileReference; lastKnownFileType = sourcecode.c.h; path = PrefixHeader.pch; sourceTree = "<group>"; };
/* End PBXFileReference section */

/* Begin PBXFrameworksBuildPhase section */
		1F41AA2420E0E23D0028AD75 /* Frameworks */ = {
			isa = PBXFrameworksBuildPhase;
			buildActionMask = 2147483647;
			files = (
			);
			runOnlyForDeploymentPostprocessing = 0;
		};
/* End PBXFrameworksBuildPhase section */

/* Begin PBXGroup section */
		1F41AA1E20E0E23D0028AD75 = {
			isa = PBXGroup;
			children = (
				1F41AA2920E0E23D0028AD75 /* refresh */,
				1F41AA2820E0E23D0028AD75 /* Products */,
			);
			sourceTree = "<group>";
		};
		1F41AA2820E0E23D0028AD75 /* Products */ = {
			isa = PBXGroup;
			children = (
				1F41AA2720E0E23D0028AD75 /* refresh.app */,
			);
			name = Products;
			sourceTree = "<group>";
		};
		1F41AA2920E0E23D0028AD75 /* refresh */ = {
			isa = PBXGroup;
			children = (
				1F41AB7320E4C85E0028AD75 /* Masonry */,
				1F41AB6220E4C85E0028AD75 /* MJRefresh */,
				1F41AB6120E4C83E0028AD75 /* Tool */,
				1F41AA2A20E0E23D0028AD75 /* AppDelegate.h */,
				1F41AA2B20E0E23D0028AD75 /* AppDelegate.m */,
				1F41ABAB20E4CCD80028AD75 /* PrefixHeader.pch */,
				1F41AA2D20E0E23D0028AD75 /* ViewController.h */,
				1F41AA2E20E0E23D0028AD75 /* ViewController.m */,
				1F41AA3020E0E23D0028AD75 /* Main.storyboard */,
				1F41AA3320E0E2400028AD75 /* Assets.xcassets */,
				1F41AA3520E0E2400028AD75 /* LaunchScreen.storyboard */,
				1F41AA3820E0E2400028AD75 /* Info.plist */,
				1F41AA3920E0E2400028AD75 /* main.m */,
			);
			path = refresh;
			sourceTree = "<group>";
		};
		1F41AB6120E4C83E0028AD75 /* Tool */ = {
			isa = PBXGroup;
			children = (
				1F41ABA820E4CB750028AD75 /* PTTableViewCell.h */,
				1F41ABA920E4CB760028AD75 /* PTTableViewCell.m */,
				1F41ABA220E4C8DC0028AD75 /* CPDHeadCollectionView.h */,
				1F41ABA320E4C8DC0028AD75 /* CPDHeadCollectionView.m */,
				1F41ABA520E4C8DC0028AD75 /* CPDHeadCollectionViewCell.h */,
				1F41ABA420E4C8DC0028AD75 /* CPDHeadCollectionViewCell.m */,
				1F41AB9F20E4C86B0028AD75 /* LFTableHeaderView.h */,
				1F41ABA020E4C86C0028AD75 /* LFTableHeaderView.m */,
			);
			path = Tool;
			sourceTree = "<group>";
		};
		1F41AB6220E4C85E0028AD75 /* MJRefresh */ = {
			isa = PBXGroup;
			children = (
				1F41AB6320E4C85E0028AD75 /* MJRefresh.bundle */,
				1F41AB6420E4C85E0028AD75 /* MJRefresh.h */,
				1F41AB6520E4C85E0028AD75 /* MJRefreshBaseView.h */,
				1F41AB6620E4C85E0028AD75 /* MJRefreshBaseView.m */,
				1F41AB6720E4C85E0028AD75 /* MJRefreshConst.h */,
				1F41AB6820E4C85E0028AD75 /* MJRefreshConst.m */,
				1F41AB6920E4C85E0028AD75 /* MJRefreshFooterView.h */,
				1F41AB6A20E4C85E0028AD75 /* MJRefreshFooterView.m */,
				1F41AB6B20E4C85E0028AD75 /* MJRefreshHeaderView.h */,
				1F41AB6C20E4C85E0028AD75 /* MJRefreshHeaderView.m */,
				1F41AB6D20E4C85E0028AD75 /* UIScrollView+MJExtension.h */,
				1F41AB6E20E4C85E0028AD75 /* UIScrollView+MJExtension.m */,
				1F41AB6F20E4C85E0028AD75 /* UIScrollView+MJRefresh.h */,
				1F41AB7020E4C85E0028AD75 /* UIScrollView+MJRefresh.m */,
				1F41AB7120E4C85E0028AD75 /* UIView+MJExtension.h */,
				1F41AB7220E4C85E0028AD75 /* UIView+MJExtension.m */,
			);
			path = MJRefresh;
			sourceTree = "<group>";
		};
		1F41AB7320E4C85E0028AD75 /* Masonry */ = {
			isa = PBXGroup;
			children = (
				1F41AB7420E4C85E0028AD75 /* MASCompositeConstraint.h */,
				1F41AB7520E4C85E0028AD75 /* MASCompositeConstraint.m */,
				1F41AB7620E4C85E0028AD75 /* MASConstraint+Private.h */,
				1F41AB7720E4C85E0028AD75 /* MASConstraint.h */,
				1F41AB7820E4C85E0028AD75 /* MASConstraint.m */,
				1F41AB7920E4C85E0028AD75 /* MASConstraintMaker.h */,
				1F41AB7A20E4C85E0028AD75 /* MASConstraintMaker.m */,
				1F41AB7B20E4C85E0028AD75 /* MASLayoutConstraint.h */,
				1F41AB7C20E4C85E0028AD75 /* MASLayoutConstraint.m */,
				1F41AB7D20E4C85E0028AD75 /* Masonry.h */,
				1F41AB7E20E4C85E0028AD75 /* MASUtilities.h */,
				1F41AB7F20E4C85E0028AD75 /* MASViewAttribute.h */,
				1F41AB8020E4C85E0028AD75 /* MASViewAttribute.m */,
				1F41AB8120E4C85E0028AD75 /* MASViewConstraint.h */,
				1F41AB8220E4C85E0028AD75 /* MASViewConstraint.m */,
				1F41AB8320E4C85E0028AD75 /* NSArray+MASAdditions.h */,
				1F41AB8420E4C85E0028AD75 /* NSArray+MASAdditions.m */,
				1F41AB8520E4C85E0028AD75 /* NSArray+MASShorthandAdditions.h */,
				1F41AB8620E4C85E0028AD75 /* NSLayoutConstraint+MASDebugAdditions.h */,
				1F41AB8720E4C85E0028AD75 /* NSLayoutConstraint+MASDebugAdditions.m */,
				1F41AB8820E4C85E0028AD75 /* View+MASAdditions.h */,
				1F41AB8920E4C85E0028AD75 /* View+MASAdditions.m */,
				1F41AB8A20E4C85E0028AD75 /* View+MASShorthandAdditions.h */,
				1F41AB8B20E4C85E0028AD75 /* ViewController+MASAdditions.h */,
				1F41AB8C20E4C85E0028AD75 /* ViewController+MASAdditions.m */,
			);
			path = Masonry;
			sourceTree = "<group>";
		};
/* End PBXGroup section */

/* Begin PBXNativeTarget section */
		1F41AA2620E0E23D0028AD75 /* refresh */ = {
			isa = PBXNativeTarget;
			buildConfigurationList = 1F41AA3D20E0E2400028AD75 /* Build configuration list for PBXNativeTarget "refresh" */;
			buildPhases = (
				1F41AA2320E0E23D0028AD75 /* Sources */,
				1F41AA2420E0E23D0028AD75 /* Frameworks */,
				1F41AA2520E0E23D0028AD75 /* Resources */,
			);
			buildRules = (
			);
			dependencies = (
			);
			name = refresh;
			productName = refresh;
			productReference = 1F41AA2720E0E23D0028AD75 /* refresh.app */;
			productType = "com.apple.product-type.application";
		};
/* End PBXNativeTarget section */

/* Begin PBXProject section */
		1F41AA1F20E0E23D0028AD75 /* Project object */ = {
			isa = PBXProject;
			attributes = {
				LastUpgradeCheck = 0940;
				ORGANIZATIONNAME = lufei;
				TargetAttributes = {
					1F41AA2620E0E23D0028AD75 = {
						CreatedOnToolsVersion = 9.4.1;
					};
				};
			};
			buildConfigurationList = 1F41AA2220E0E23D0028AD75 /* Build configuration list for PBXProject "refresh" */;
			compatibilityVersion = "Xcode 9.3";
			developmentRegion = en;
			hasScannedForEncodings = 0;
			knownRegions = (
				en,
				Base,
			);
			mainGroup = 1F41AA1E20E0E23D0028AD75;
			productRefGroup = 1F41AA2820E0E23D0028AD75 /* Products */;
			projectDirPath = "";
			projectRoot = "";
			targets = (
				1F41AA2620E0E23D0028AD75 /* refresh */,
			);
		};
/* End PBXProject section */

/* Begin PBXResourcesBuildPhase section */
		1F41AA2520E0E23D0028AD75 /* Resources */ = {
			isa = PBXResourcesBuildPhase;
			buildActionMask = 2147483647;
			files = (
				1F41AA3720E0E2400028AD75 /* LaunchScreen.storyboard in Resources */,
				1F41AA3420E0E2400028AD75 /* Assets.xcassets in Resources */,
				1F41AB8D20E4C85E0028AD75 /* MJRefresh.bundle in Resources */,
				1F41AA3220E0E23D0028AD75 /* Main.storyboard in Resources */,
			);
			runOnlyForDeploymentPostprocessing = 0;
		};
/* End PBXResourcesBuildPhase section */

/* Begin PBXSourcesBuildPhase section */
		1F41AA2320E0E23D0028AD75 /* Sources */ = {
			isa = PBXSourcesBuildPhase;
			buildActionMask = 2147483647;
			files = (
				1F41AB9D20E4C85E0028AD75 /* View+MASAdditions.m in Sources */,
				1F41AB9020E4C85E0028AD75 /* MJRefreshFooterView.m in Sources */,
				1F41AB9420E4C85E0028AD75 /* UIView+MJExtension.m in Sources */,
				1F41AA2F20E0E23D0028AD75 /* ViewController.m in Sources */,
				1F41AB9120E4C85E0028AD75 /* MJRefreshHeaderView.m in Sources */,
				1F41AA3A20E0E2400028AD75 /* main.m in Sources */,
				1F41AB9E20E4C85E0028AD75 /* ViewController+MASAdditions.m in Sources */,
				1F41AB9920E4C85E0028AD75 /* MASViewAttribute.m in Sources */,
				1F41AB9520E4C85E0028AD75 /* MASCompositeConstraint.m in Sources */,
				1F41AB9220E4C85E0028AD75 /* UIScrollView+MJExtension.m in Sources */,
				1F41AB9320E4C85E0028AD75 /* UIScrollView+MJRefresh.m in Sources */,
				1F41AB9720E4C85E0028AD75 /* MASConstraintMaker.m in Sources */,
				1F41ABA620E4C8DC0028AD75 /* CPDHeadCollectionView.m in Sources */,
				1F41AB9620E4C85E0028AD75 /* MASConstraint.m in Sources */,
				1F41AB9C20E4C85E0028AD75 /* NSLayoutConstraint+MASDebugAdditions.m in Sources */,
				1F41AB9820E4C85E0028AD75 /* MASLayoutConstraint.m in Sources */,
				1F41AB9B20E4C85E0028AD75 /* NSArray+MASAdditions.m in Sources */,
				1F41ABA120E4C86C0028AD75 /* LFTableHeaderView.m in Sources */,
				1F41AB8E20E4C85E0028AD75 /* MJRefreshBaseView.m in Sources */,
				1F41ABAA20E4CB760028AD75 /* PTTableViewCell.m in Sources */,
				1F41AA2C20E0E23D0028AD75 /* AppDelegate.m in Sources */,
				1F41ABA720E4C8DC0028AD75 /* CPDHeadCollectionViewCell.m in Sources */,
				1F41AB8F20E4C85E0028AD75 /* MJRefreshConst.m in Sources */,
				1F41AB9A20E4C85E0028AD75 /* MASViewConstraint.m in Sources */,
			);
			runOnlyForDeploymentPostprocessing = 0;
		};
/* End PBXSourcesBuildPhase section */

/* Begin PBXVariantGroup section */
		1F41AA3020E0E23D0028AD75 /* Main.storyboard */ = {
			isa = PBXVariantGroup;
			children = (
				1F41AA3120E0E23D0028AD75 /* Base */,
			);
			name = Main.storyboard;
			sourceTree = "<group>";
		};
		1F41AA3520E0E2400028AD75 /* LaunchScreen.storyboard */ = {
			isa = PBXVariantGroup;
			children = (
				1F41AA3620E0E2400028AD75 /* Base */,
			);
			name = LaunchScreen.storyboard;
			sourceTree = "<group>";
		};
/* End PBXVariantGroup section */

/* Begin XCBuildConfiguration section */
		1F41AA3B20E0E2400028AD75 /* Debug */ = {
			isa = XCBuildConfiguration;
			buildSettings = {
				ALWAYS_SEARCH_USER_PATHS = NO;
				CLANG_ANALYZER_NONNULL = YES;
				CLANG_ANALYZER_NUMBER_OBJECT_CONVERSION = YES_AGGRESSIVE;
				CLANG_CXX_LANGUAGE_STANDARD = "gnu++14";
				CLANG_CXX_LIBRARY = "libc++";
				CLANG_ENABLE_MODULES = YES;
				CLANG_ENABLE_OBJC_ARC = YES;
				CLANG_ENABLE_OBJC_WEAK = YES;
				CLANG_WARN_BLOCK_CAPTURE_AUTORELEASING = YES;
				CLANG_WARN_BOOL_CONVERSION = YES;
				CLANG_WARN_COMMA = YES;
				CLANG_WARN_CONSTANT_CONVERSION = YES;
				CLANG_WARN_DEPRECATED_OBJC_IMPLEMENTATIONS = YES;
				CLANG_WARN_DIRECT_OBJC_ISA_USAGE = YES_ERROR;
				CLANG_WARN_DOCUMENTATION_COMMENTS = YES;
				CLANG_WARN_EMPTY_BODY = YES;
				CLANG_WARN_ENUM_CONVERSION = YES;
				CLANG_WARN_INFINITE_RECURSION = YES;
				CLANG_WARN_INT_CONVERSION = YES;
				CLANG_WARN_NON_LITERAL_NULL_CONVERSION = YES;
				CLANG_WARN_OBJC_IMPLICIT_RETAIN_SELF = YES;
				CLANG_WARN_OBJC_LITERAL_CONVERSION = YES;
				CLANG_WARN_OBJC_ROOT_CLASS = YES_ERROR;
				CLANG_WARN_RANGE_LOOP_ANALYSIS = YES;
				CLANG_WARN_STRICT_PROTOTYPES = YES;
				CLANG_WARN_SUSPICIOUS_MOVE = YES;
				CLANG_WARN_UNGUARDED_AVAILABILITY = YES_AGGRESSIVE;
				CLANG_WARN_UNREACHABLE_CODE = YES;
				CLANG_WARN__DUPLICATE_METHOD_MATCH = YES;
				CODE_SIGN_IDENTITY = "iPhone Developer";
				COPY_PHASE_STRIP = NO;
				DEBUG_INFORMATION_FORMAT = dwarf;
				ENABLE_STRICT_OBJC_MSGSEND = YES;
				ENABLE_TESTABILITY = YES;
				GCC_C_LANGUAGE_STANDARD = gnu11;
				GCC_DYNAMIC_NO_PIC = NO;
				GCC_NO_COMMON_BLOCKS = YES;
				GCC_OPTIMIZATION_LEVEL = 0;
				GCC_PREPROCESSOR_DEFINITIONS = (
					"DEBUG=1",
					"$(inherited)",
				);
				GCC_WARN_64_TO_32_BIT_CONVERSION = YES;
				GCC_WARN_ABOUT_RETURN_TYPE = YES_ERROR;
				GCC_WARN_UNDECLARED_SELECTOR = YES;
				GCC_WARN_UNINITIALIZED_AUTOS = YES_AGGRESSIVE;
				GCC_WARN_UNUSED_FUNCTION = YES;
				GCC_WARN_UNUSED_VARIABLE = YES;
				IPHONEOS_DEPLOYMENT_TARGET = 11.4;
				MTL_ENABLE_DEBUG_INFO = YES;
				ONLY_ACTIVE_ARCH = YES;
				SDKROOT = iphoneos;
			};
			name = Debug;
		};
		1F41AA3C20E0E2400028AD75 /* Release */ = {
			isa = XCBuildConfiguration;
			buildSettings = {
				ALWAYS_SEARCH_USER_PATHS = NO;
				CLANG_ANALYZER_NONNULL = YES;
				CLANG_ANALYZER_NUMBER_OBJECT_CONVERSION = YES_AGGRESSIVE;
				CLANG_CXX_LANGUAGE_STANDARD = "gnu++14";
				CLANG_CXX_LIBRARY = "libc++";
				CLANG_ENABLE_MODULES = YES;
				CLANG_ENABLE_OBJC_ARC = YES;
				CLANG_ENABLE_OBJC_WEAK = YES;
				CLANG_WARN_BLOCK_CAPTURE_AUTORELEASING = YES;
				CLANG_WARN_BOOL_CONVERSION = YES;
				CLANG_WARN_COMMA = YES;
				CLANG_WARN_CONSTANT_CONVERSION = YES;
				CLANG_WARN_DEPRECATED_OBJC_IMPLEMENTATIONS = YES;
				CLANG_WARN_DIRECT_OBJC_ISA_USAGE = YES_ERROR;
				CLANG_WARN_DOCUMENTATION_COMMENTS = YES;
				CLANG_WARN_EMPTY_BODY = YES;
				CLANG_WARN_ENUM_CONVERSION = YES;
				CLANG_WARN_INFINITE_RECURSION = YES;
				CLANG_WARN_INT_CONVERSION = YES;
				CLANG_WARN_NON_LITERAL_NULL_CONVERSION = YES;
				CLANG_WARN_OBJC_IMPLICIT_RETAIN_SELF = YES;
				CLANG_WARN_OBJC_LITERAL_CONVERSION = YES;
				CLANG_WARN_OBJC_ROOT_CLASS = YES_ERROR;
				CLANG_WARN_RANGE_LOOP_ANALYSIS = YES;
				CLANG_WARN_STRICT_PROTOTYPES = YES;
				CLANG_WARN_SUSPICIOUS_MOVE = YES;
				CLANG_WARN_UNGUARDED_AVAILABILITY = YES_AGGRESSIVE;
				CLANG_WARN_UNREACHABLE_CODE = YES;
				CLANG_WARN__DUPLICATE_METHOD_MATCH = YES;
				CODE_SIGN_IDENTITY = "iPhone Developer";
				COPY_PHASE_STRIP = NO;
				DEBUG_INFORMATION_FORMAT = "dwarf-with-dsym";
				ENABLE_NS_ASSERTIONS = NO;
				ENABLE_STRICT_OBJC_MSGSEND = YES;
				GCC_C_LANGUAGE_STANDARD = gnu11;
				GCC_NO_COMMON_BLOCKS = YES;
				GCC_WARN_64_TO_32_BIT_CONVERSION = YES;
				GCC_WARN_ABOUT_RETURN_TYPE = YES_ERROR;
				GCC_WARN_UNDECLARED_SELECTOR = YES;
				GCC_WARN_UNINITIALIZED_AUTOS = YES_AGGRESSIVE;
				GCC_WARN_UNUSED_FUNCTION = YES;
				GCC_WARN_UNUSED_VARIABLE = YES;
				IPHONEOS_DEPLOYMENT_TARGET = 11.4;
				MTL_ENABLE_DEBUG_INFO = NO;
				SDKROOT = iphoneos;
				VALIDATE_PRODUCT = YES;
			};
			name = Release;
		};
		1F41AA3E20E0E2400028AD75 /* Debug */ = {
			isa = XCBuildConfiguration;
			buildSettings = {
				ASSETCATALOG_COMPILER_APPICON_NAME = AppIcon;
				CODE_SIGN_STYLE = Automatic;
				DEVELOPMENT_TEAM = "";
				ENABLE_STRICT_OBJC_MSGSEND = NO;
				GCC_INCREASE_PRECOMPILED_HEADER_SHARING = NO;
				GCC_PREFIX_HEADER = "$(SRCROOT)/refresh/PrefixHeader.pch";
				INFOPLIST_FILE = refresh/Info.plist;
				IPHONEOS_DEPLOYMENT_TARGET = 9.0;
				LD_RUNPATH_SEARCH_PATHS = (
					"$(inherited)",
					"@executable_path/Frameworks",
				);
				PRODUCT_BUNDLE_IDENTIFIER = com.minglin.refresh;
				PRODUCT_NAME = "$(TARGET_NAME)";
				TARGETED_DEVICE_FAMILY = "1,2";
			};
			name = Debug;
		};
		1F41AA3F20E0E2400028AD75 /* Release */ = {
			isa = XCBuildConfiguration;
			buildSettings = {
				ASSETCATALOG_COMPILER_APPICON_NAME = AppIcon;
				CODE_SIGN_STYLE = Automatic;
				DEVELOPMENT_TEAM = "";
				ENABLE_STRICT_OBJC_MSGSEND = NO;
				GCC_INCREASE_PRECOMPILED_HEADER_SHARING = NO;
				GCC_PREFIX_HEADER = "$(SRCROOT)/refresh/PrefixHeader.pch";
				INFOPLIST_FILE = refresh/Info.plist;
				IPHONEOS_DEPLOYMENT_TARGET = 9.0;
				LD_RUNPATH_SEARCH_PATHS = (
					"$(inherited)",
					"@executable_path/Frameworks",
				);
				PRODUCT_BUNDLE_IDENTIFIER = com.minglin.refresh;
				PRODUCT_NAME = "$(TARGET_NAME)";
				TARGETED_DEVICE_FAMILY = "1,2";
			};
			name = Release;
		};
/* End XCBuildConfiguration section */

/* Begin XCConfigurationList section */
		1F41AA2220E0E23D0028AD75 /* Build configuration list for PBXProject "refresh" */ = {
			isa = XCConfigurationList;
			buildConfigurations = (
				1F41AA3B20E0E2400028AD75 /* Debug */,
				1F41AA3C20E0E2400028AD75 /* Release */,
			);
			defaultConfigurationIsVisible = 0;
			defaultConfigurationName = Release;
		};
		1F41AA3D20E0E2400028AD75 /* Build configuration list for PBXNativeTarget "refresh" */ = {
			isa = XCConfigurationList;
			buildConfigurations = (
				1F41AA3E20E0E2400028AD75 /* Debug */,
				1F41AA3F20E0E2400028AD75 /* Release */,
			);
			defaultConfigurationIsVisible = 0;
			defaultConfigurationName = Release;
		};
/* End XCConfigurationList section */
	};
	rootObject = 1F41AA1F20E0E23D0028AD75 /* Project object */;
}
